
Microsoft Visual Studio Solution File, Format Version 12.00
# Visual Studio Version 16
VisualStudioVersion = 16.0.30011.22
MinimumVisualStudioVersion = 10.0.40219.1
Project("{FAE04EC0-301F-11D3-BF4B-00C04F79EFBC}") = "DummyForTeamCity", "DummyForTeamCity\DummyForTeamCity.csproj", "{686FE222-49D2-46F3-BA4C-E988A22209AA}"
EndProject
Global
	GlobalSection(SolutionConfigurationPlatforms) = preSolution
		Debug|Any CPU = Debug|Any CPU
		Release|Any CPU = Release|Any CPU
	EndGlobalSection
	GlobalSection(ProjectConfigurationPlatforms) = postSolution
		{686FE222-49D2-46F3-BA4C-E988A22209AA}.Debug|Any CPU.ActiveCfg = Debug|Any CPU
		{686FE222-49D2-46F3-BA4C-E988A22209AA}.Debug|Any CPU.Build.0 = Debug|Any CPU
		{686FE222-49D2-46F3-BA4C-E988A22209AA}.Release|Any CPU.ActiveCfg = Release|Any CPU
		{686FE222-49D2-46F3-BA4C-E988A22209AA}.Release|Any CPU.Build.0 = Release|Any CPU
	EndGlobalSection
	GlobalSection(SolutionProperties) = preSolution
		HideSolutionNode = FALSE
	EndGlobalSection
	GlobalSection(ExtensibilityGlobals) = postSolution
		SolutionGuid = {B7604A33-5A13-4F13-B98F-7AAB14D881E8}
	EndGlobalSection
EndGlobal
